{
  "nodes": {
    "nixpkgs": {
      "locked": {
        "lastModified": 1764181995,
        "narHash": "sha256-I3JPTN5QoGlZak2knHw0eOt0Xim+T4kr1qqkcHlipAg=",
        "owner": "NixOS",
        "repo": "nixpkgs",
        "rev": "43a711102b659ddc5813a2b2779b86dd0dc43e08",
        "type": "github"
      },
      "original": {
        "owner": "nixos",
        "ref": "release-25.11",
        "repo": "nixpkgs",
        "type": "github"
      }
    },
    "root": {
      "inputs": {
        "nixpkgs": "nixpkgs"
      }
    }
  },
  "root": "root",
  "version": 7
}
